
Microsoft Visual Studio Solution File, Format Version 12.00
# Visual Studio Version 16
VisualStudioVersion = 16.0.31911.196
MinimumVisualStudioVersion = 10.0.40219.1
Project("{FAE04EC0-301F-11D3-BF4B-00C04F79EFBC}") = "NavyRRL", "NavyRRL\NavyRRL.csproj", "{D2BD2487-BA44-4F51-AEFF-9BDAEE739B25}"
EndProject
Project("{2150E333-8FDC-42A3-9474-1A3956D46DE8}") = "API", "API", "{D70211CA-445D-49CB-BE9B-8271CC450C2C}"
EndProject
Project("{FAE04EC0-301F-11D3-BF4B-00C04F79EFBC}") = "Data", "Data\Data.csproj", "{AFBF8DFA-05F5-4827-9F8E-458254A86C54}"
EndProject
Project("{FAE04EC0-301F-11D3-BF4B-00C04F79EFBC}") = "NavyRRL.API", "API\NavyRRL.API\NavyRRL.API.csproj", "{3518BD04-FF94-45FE-B025-0A2EC10076D2}"
EndProject
Project("{FAE04EC0-301F-11D3-BF4B-00C04F79EFBC}") = "NavyRRL.API.Tests", "API\NavyRRL.API.Tests\NavyRRL.API.Tests.csproj", "{40957F65-5629-488F-865E-6C78E78479CC}"
EndProject
Project("{9A19103F-16F7-4668-BE54-9A1E7A4F7556}") = "Models", "Models\Models.csproj", "{7C6CDCB7-9C31-4310-B34D-028BF8BB816F}"
EndProject
Project("{FAE04EC0-301F-11D3-BF4B-00C04F79EFBC}") = "Navy.Utilities", "Navy.Utilities\Navy.Utilities.csproj", "{ED884A2D-55AB-4A96-ABAD-0D3F8CF35301}"
EndProject
Project("{FAE04EC0-301F-11D3-BF4B-00C04F79EFBC}") = "Factories", "Factories\Factories.csproj", "{AA33C5AE-3FBC-42CD-A1B8-EA727217C639}"
EndProject
Global
	GlobalSection(SolutionConfigurationPlatforms) = preSolution
		Debug|Any CPU = Debug|Any CPU
		Release|Any CPU = Release|Any CPU
	EndGlobalSection
	GlobalSection(ProjectConfigurationPlatforms) = postSolution
		{D2BD2487-BA44-4F51-AEFF-9BDAEE739B25}.Debug|Any CPU.ActiveCfg = Debug|Any CPU
		{D2BD2487-BA44-4F51-AEFF-9BDAEE739B25}.Debug|Any CPU.Build.0 = Debug|Any CPU
		{D2BD2487-BA44-4F51-AEFF-9BDAEE739B25}.Release|Any CPU.ActiveCfg = Release|Any CPU
		{D2BD2487-BA44-4F51-AEFF-9BDAEE739B25}.Release|Any CPU.Build.0 = Release|Any CPU
		{AFBF8DFA-05F5-4827-9F8E-458254A86C54}.Debug|Any CPU.ActiveCfg = Debug|Any CPU
		{AFBF8DFA-05F5-4827-9F8E-458254A86C54}.Debug|Any CPU.Build.0 = Debug|Any CPU
		{AFBF8DFA-05F5-4827-9F8E-458254A86C54}.Release|Any CPU.ActiveCfg = Release|Any CPU
		{AFBF8DFA-05F5-4827-9F8E-458254A86C54}.Release|Any CPU.Build.0 = Release|Any CPU
		{3518BD04-FF94-45FE-B025-0A2EC10076D2}.Debug|Any CPU.ActiveCfg = Debug|Any CPU
		{3518BD04-FF94-45FE-B025-0A2EC10076D2}.Debug|Any CPU.Build.0 = Debug|Any CPU
		{3518BD04-FF94-45FE-B025-0A2EC10076D2}.Release|Any CPU.ActiveCfg = Release|Any CPU
		{3518BD04-FF94-45FE-B025-0A2EC10076D2}.Release|Any CPU.Build.0 = Release|Any CPU
		{40957F65-5629-488F-865E-6C78E78479CC}.Debug|Any CPU.ActiveCfg = Debug|Any CPU
		{40957F65-5629-488F-865E-6C78E78479CC}.Debug|Any CPU.Build.0 = Debug|Any CPU
		{40957F65-5629-488F-865E-6C78E78479CC}.Release|Any CPU.ActiveCfg = Release|Any CPU
		{40957F65-5629-488F-865E-6C78E78479CC}.Release|Any CPU.Build.0 = Release|Any CPU
		{7C6CDCB7-9C31-4310-B34D-028BF8BB816F}.Debug|Any CPU.ActiveCfg = Debug|Any CPU
		{7C6CDCB7-9C31-4310-B34D-028BF8BB816F}.Debug|Any CPU.Build.0 = Debug|Any CPU
		{7C6CDCB7-9C31-4310-B34D-028BF8BB816F}.Release|Any CPU.ActiveCfg = Release|Any CPU
		{7C6CDCB7-9C31-4310-B34D-028BF8BB816F}.Release|Any CPU.Build.0 = Release|Any CPU
		{ED884A2D-55AB-4A96-ABAD-0D3F8CF35301}.Debug|Any CPU.ActiveCfg = Debug|Any CPU
		{ED884A2D-55AB-4A96-ABAD-0D3F8CF35301}.Debug|Any CPU.Build.0 = Debug|Any CPU
		{ED884A2D-55AB-4A96-ABAD-0D3F8CF35301}.Release|Any CPU.ActiveCfg = Release|Any CPU
		{ED884A2D-55AB-4A96-ABAD-0D3F8CF35301}.Release|Any CPU.Build.0 = Release|Any CPU
		{AA33C5AE-3FBC-42CD-A1B8-EA727217C639}.Debug|Any CPU.ActiveCfg = Debug|Any CPU
		{AA33C5AE-3FBC-42CD-A1B8-EA727217C639}.Debug|Any CPU.Build.0 = Debug|Any CPU
		{AA33C5AE-3FBC-42CD-A1B8-EA727217C639}.Release|Any CPU.ActiveCfg = Release|Any CPU
		{AA33C5AE-3FBC-42CD-A1B8-EA727217C639}.Release|Any CPU.Build.0 = Release|Any CPU
	EndGlobalSection
	GlobalSection(SolutionProperties) = preSolution
		HideSolutionNode = FALSE
	EndGlobalSection
	GlobalSection(NestedProjects) = preSolution
		{3518BD04-FF94-45FE-B025-0A2EC10076D2} = {D70211CA-445D-49CB-BE9B-8271CC450C2C}
		{40957F65-5629-488F-865E-6C78E78479CC} = {D70211CA-445D-49CB-BE9B-8271CC450C2C}
	EndGlobalSection
	GlobalSection(ExtensibilityGlobals) = postSolution
		SolutionGuid = {F64899F8-591B-4094-936A-36A3B4C6EA13}
	EndGlobalSection
EndGlobal
